
Microsoft Visual Studio Solution File, Format Version 12.00
# Visual Studio Version 16
VisualStudioVersion = 16.0.31515.178
MinimumVisualStudioVersion = 10.0.40219.1
Project("{F184B08F-C81C-45F6-A57F-5ABD9991F28F}") = "TallerJoaquin", "TallerJuaquin\TallerJoaquin.vbproj", "{7A7B99BD-BDC4-43DD-B0E5-934074868D8E}"
	ProjectSection(ProjectDependencies) = postProject
		{1B68542B-FCB3-4752-90EB-254B9AFF36D0} = {1B68542B-FCB3-4752-90EB-254B9AFF36D0}
	EndProjectSection
EndProject
Project("{F184B08F-C81C-45F6-A57F-5ABD9991F28F}") = "SizableImg", "SizableImg\SizableImg.vbproj", "{EA8F6F89-B796-47F3-9FA6-177271B22F82}"
EndProject
Project("{F184B08F-C81C-45F6-A57F-5ABD9991F28F}") = "OnlyNum", "OnlyNum\OnlyNum.vbproj", "{0F800B52-1D0B-454A-A89A-74114166A145}"
	ProjectSection(ProjectDependencies) = postProject
		{1B68542B-FCB3-4752-90EB-254B9AFF36D0} = {1B68542B-FCB3-4752-90EB-254B9AFF36D0}
	EndProjectSection
EndProject
Project("{F184B08F-C81C-45F6-A57F-5ABD9991F28F}") = "Masked", "Masked\Masked.vbproj", "{35341AEE-F81C-4788-A389-7B6964123402}"
EndProject
Project("{F184B08F-C81C-45F6-A57F-5ABD9991F28F}") = "DataBaseLib", "DataBaseLib\DataBaseLib.vbproj", "{1B68542B-FCB3-4752-90EB-254B9AFF36D0}"
EndProject
Project("{F184B08F-C81C-45F6-A57F-5ABD9991F28F}") = "Reports", "Informes\Reports.vbproj", "{716DCD46-8821-4B74-864D-15C3B9292376}"
EndProject
Project("{F184B08F-C81C-45F6-A57F-5ABD9991F28F}") = "RYCProgressBar", "RYCProgressBar\RYCProgressBar.vbproj", "{31B4B561-4567-4B29-9A03-0A18ED1347D1}"
EndProject
Project("{F184B08F-C81C-45F6-A57F-5ABD9991F28F}") = "RYCCheckBox", "RYCCheckBox\RYCCheckBox.vbproj", "{E6D437EF-C07C-480E-8AA7-BC406FEDB1EC}"
EndProject
Project("{F184B08F-C81C-45F6-A57F-5ABD9991F28F}") = "DateTime", "DateTime\DateTime.vbproj", "{195E024B-EC7E-45F1-8807-E6FB4A00AFB4}"
EndProject
Project("{F184B08F-C81C-45F6-A57F-5ABD9991F28F}") = "MakeBackup", "MakeBackup\MakeBackup.vbproj", "{524C7FBC-0A7C-4568-A4D8-E0F2BD175DEF}"
EndProject
Project("{F184B08F-C81C-45F6-A57F-5ABD9991F28F}") = "ImportBackup", "ImportBackup\ImportBackup.vbproj", "{5587123B-B090-49F3-AAD3-9941743E5EE2}"
EndProject
Project("{F184B08F-C81C-45F6-A57F-5ABD9991F28F}") = "RepairBaseDatos", "RepairBaseDatos\RepairBaseDatos.vbproj", "{554C25C1-EC2C-4A00-8208-DD6FE2D620D7}"
EndProject
Project("{F184B08F-C81C-45F6-A57F-5ABD9991F28F}") = "Agenda", "Calendar\Agenda.vbproj", "{740955B0-2F30-4875-8C8A-394B5E07C39E}"
	ProjectSection(ProjectDependencies) = postProject
		{1B68542B-FCB3-4752-90EB-254B9AFF36D0} = {1B68542B-FCB3-4752-90EB-254B9AFF36D0}
	EndProjectSection
EndProject
Project("{F184B08F-C81C-45F6-A57F-5ABD9991F28F}") = "CalendarioService", "CalendarioService\CalendarioService.vbproj", "{4CF47F79-65C2-475F-86CF-39AF71E975A8}"
EndProject
Project("{FAE04EC0-301F-11D3-BF4B-00C04F79EFBC}") = "CalendarioRYC", "System.Windows.Forms.Calendar\CalendarioRYC.csproj", "{25649F08-3046-4891-ADB8-7EA787B57063}"
EndProject
Project("{FAE04EC0-301F-11D3-BF4B-00C04F79EFBC}") = "NullableDateTimePicker", "NullableDateTimePicker\NullableDateTimePicker.csproj", "{5AD46440-FC5C-455C-8326-B243C91AD4EB}"
EndProject
Global
	GlobalSection(SolutionConfigurationPlatforms) = preSolution
		Debug|Any CPU = Debug|Any CPU
		Debug|x64 = Debug|x64
		Debug|x86 = Debug|x86
		Release|Any CPU = Release|Any CPU
		Release|x64 = Release|x64
		Release|x86 = Release|x86
	EndGlobalSection
	GlobalSection(ProjectConfigurationPlatforms) = postSolution
		{7A7B99BD-BDC4-43DD-B0E5-934074868D8E}.Debug|Any CPU.ActiveCfg = Debug|Any CPU
		{7A7B99BD-BDC4-43DD-B0E5-934074868D8E}.Debug|Any CPU.Build.0 = Debug|Any CPU
		{7A7B99BD-BDC4-43DD-B0E5-934074868D8E}.Debug|x64.ActiveCfg = Debug|x64
		{7A7B99BD-BDC4-43DD-B0E5-934074868D8E}.Debug|x64.Build.0 = Debug|x64
		{7A7B99BD-BDC4-43DD-B0E5-934074868D8E}.Debug|x86.ActiveCfg = Debug|x86
		{7A7B99BD-BDC4-43DD-B0E5-934074868D8E}.Debug|x86.Build.0 = Debug|x86
		{7A7B99BD-BDC4-43DD-B0E5-934074868D8E}.Release|Any CPU.ActiveCfg = Release|Any CPU
		{7A7B99BD-BDC4-43DD-B0E5-934074868D8E}.Release|Any CPU.Build.0 = Release|Any CPU
		{7A7B99BD-BDC4-43DD-B0E5-934074868D8E}.Release|x64.ActiveCfg = Release|x64
		{7A7B99BD-BDC4-43DD-B0E5-934074868D8E}.Release|x64.Build.0 = Release|x64
		{7A7B99BD-BDC4-43DD-B0E5-934074868D8E}.Release|x86.ActiveCfg = Release|x86
		{7A7B99BD-BDC4-43DD-B0E5-934074868D8E}.Release|x86.Build.0 = Release|x86
		{EA8F6F89-B796-47F3-9FA6-177271B22F82}.Debug|Any CPU.ActiveCfg = Debug|Any CPU
		{EA8F6F89-B796-47F3-9FA6-177271B22F82}.Debug|Any CPU.Build.0 = Debug|Any CPU
		{EA8F6F89-B796-47F3-9FA6-177271B22F82}.Debug|x64.ActiveCfg = Debug|x64
		{EA8F6F89-B796-47F3-9FA6-177271B22F82}.Debug|x64.Build.0 = Debug|x64
		{EA8F6F89-B796-47F3-9FA6-177271B22F82}.Debug|x86.ActiveCfg = Debug|x86
		{EA8F6F89-B796-47F3-9FA6-177271B22F82}.Debug|x86.Build.0 = Debug|x86
		{EA8F6F89-B796-47F3-9FA6-177271B22F82}.Release|Any CPU.ActiveCfg = Release|Any CPU
		{EA8F6F89-B796-47F3-9FA6-177271B22F82}.Release|Any CPU.Build.0 = Release|Any CPU
		{EA8F6F89-B796-47F3-9FA6-177271B22F82}.Release|x64.ActiveCfg = Release|x64
		{EA8F6F89-B796-47F3-9FA6-177271B22F82}.Release|x64.Build.0 = Release|x64
		{EA8F6F89-B796-47F3-9FA6-177271B22F82}.Release|x86.ActiveCfg = Release|x86
		{EA8F6F89-B796-47F3-9FA6-177271B22F82}.Release|x86.Build.0 = Release|x86
		{0F800B52-1D0B-454A-A89A-74114166A145}.Debug|Any CPU.ActiveCfg = Debug|Any CPU
		{0F800B52-1D0B-454A-A89A-74114166A145}.Debug|Any CPU.Build.0 = Debug|Any CPU
		{0F800B52-1D0B-454A-A89A-74114166A145}.Debug|x64.ActiveCfg = Debug|x64
		{0F800B52-1D0B-454A-A89A-74114166A145}.Debug|x64.Build.0 = Debug|x64
		{0F800B52-1D0B-454A-A89A-74114166A145}.Debug|x86.ActiveCfg = Debug|x86
		{0F800B52-1D0B-454A-A89A-74114166A145}.Debug|x86.Build.0 = Debug|x86
		{0F800B52-1D0B-454A-A89A-74114166A145}.Release|Any CPU.ActiveCfg = Release|Any CPU
		{0F800B52-1D0B-454A-A89A-74114166A145}.Release|Any CPU.Build.0 = Release|Any CPU
		{0F800B52-1D0B-454A-A89A-74114166A145}.Release|x64.ActiveCfg = Release|x64
		{0F800B52-1D0B-454A-A89A-74114166A145}.Release|x64.Build.0 = Release|x64
		{0F800B52-1D0B-454A-A89A-74114166A145}.Release|x86.ActiveCfg = Release|x86
		{0F800B52-1D0B-454A-A89A-74114166A145}.Release|x86.Build.0 = Release|x86
		{35341AEE-F81C-4788-A389-7B6964123402}.Debug|Any CPU.ActiveCfg = Debug|Any CPU
		{35341AEE-F81C-4788-A389-7B6964123402}.Debug|Any CPU.Build.0 = Debug|Any CPU
		{35341AEE-F81C-4788-A389-7B6964123402}.Debug|x64.ActiveCfg = Debug|x64
		{35341AEE-F81C-4788-A389-7B6964123402}.Debug|x64.Build.0 = Debug|x64
		{35341AEE-F81C-4788-A389-7B6964123402}.Debug|x86.ActiveCfg = Debug|x86
		{35341AEE-F81C-4788-A389-7B6964123402}.Debug|x86.Build.0 = Debug|x86
		{35341AEE-F81C-4788-A389-7B6964123402}.Release|Any CPU.ActiveCfg = Release|Any CPU
		{35341AEE-F81C-4788-A389-7B6964123402}.Release|Any CPU.Build.0 = Release|Any CPU
		{35341AEE-F81C-4788-A389-7B6964123402}.Release|x64.ActiveCfg = Release|x64
		{35341AEE-F81C-4788-A389-7B6964123402}.Release|x64.Build.0 = Release|x64
		{35341AEE-F81C-4788-A389-7B6964123402}.Release|x86.ActiveCfg = Release|x86
		{35341AEE-F81C-4788-A389-7B6964123402}.Release|x86.Build.0 = Release|x86
		{1B68542B-FCB3-4752-90EB-254B9AFF36D0}.Debug|Any CPU.ActiveCfg = Debug|Any CPU
		{1B68542B-FCB3-4752-90EB-254B9AFF36D0}.Debug|Any CPU.Build.0 = Debug|Any CPU
		{1B68542B-FCB3-4752-90EB-254B9AFF36D0}.Debug|x64.ActiveCfg = Debug|x64
		{1B68542B-FCB3-4752-90EB-254B9AFF36D0}.Debug|x64.Build.0 = Debug|x64
		{1B68542B-FCB3-4752-90EB-254B9AFF36D0}.Debug|x86.ActiveCfg = Debug|x86
		{1B68542B-FCB3-4752-90EB-254B9AFF36D0}.Debug|x86.Build.0 = Debug|x86
		{1B68542B-FCB3-4752-90EB-254B9AFF36D0}.Release|Any CPU.ActiveCfg = Release|Any CPU
		{1B68542B-FCB3-4752-90EB-254B9AFF36D0}.Release|Any CPU.Build.0 = Release|Any CPU
		{1B68542B-FCB3-4752-90EB-254B9AFF36D0}.Release|x64.ActiveCfg = Release|x64
		{1B68542B-FCB3-4752-90EB-254B9AFF36D0}.Release|x64.Build.0 = Release|x64
		{1B68542B-FCB3-4752-90EB-254B9AFF36D0}.Release|x86.ActiveCfg = Release|x86
		{1B68542B-FCB3-4752-90EB-254B9AFF36D0}.Release|x86.Build.0 = Release|x86
		{716DCD46-8821-4B74-864D-15C3B9292376}.Debug|Any CPU.ActiveCfg = Debug|Any CPU
		{716DCD46-8821-4B74-864D-15C3B9292376}.Debug|Any CPU.Build.0 = Debug|Any CPU
		{716DCD46-8821-4B74-864D-15C3B9292376}.Debug|x64.ActiveCfg = Debug|x64
		{716DCD46-8821-4B74-864D-15C3B9292376}.Debug|x64.Build.0 = Debug|x64
		{716DCD46-8821-4B74-864D-15C3B9292376}.Debug|x86.ActiveCfg = Debug|x86
		{716DCD46-8821-4B74-864D-15C3B9292376}.Debug|x86.Build.0 = Debug|x86
		{716DCD46-8821-4B74-864D-15C3B9292376}.Release|Any CPU.ActiveCfg = Release|Any CPU
		{716DCD46-8821-4B74-864D-15C3B9292376}.Release|Any CPU.Build.0 = Release|Any CPU
		{716DCD46-8821-4B74-864D-15C3B9292376}.Release|x64.ActiveCfg = Release|x64
		{716DCD46-8821-4B74-864D-15C3B9292376}.Release|x64.Build.0 = Release|x64
		{716DCD46-8821-4B74-864D-15C3B9292376}.Release|x86.ActiveCfg = Release|x86
		{716DCD46-8821-4B74-864D-15C3B9292376}.Release|x86.Build.0 = Release|x86
		{31B4B561-4567-4B29-9A03-0A18ED1347D1}.Debug|Any CPU.ActiveCfg = Debug|Any CPU
		{31B4B561-4567-4B29-9A03-0A18ED1347D1}.Debug|Any CPU.Build.0 = Debug|Any CPU
		{31B4B561-4567-4B29-9A03-0A18ED1347D1}.Debug|x64.ActiveCfg = Debug|x64
		{31B4B561-4567-4B29-9A03-0A18ED1347D1}.Debug|x64.Build.0 = Debug|x64
		{31B4B561-4567-4B29-9A03-0A18ED1347D1}.Debug|x86.ActiveCfg = Debug|x86
		{31B4B561-4567-4B29-9A03-0A18ED1347D1}.Debug|x86.Build.0 = Debug|x86
		{31B4B561-4567-4B29-9A03-0A18ED1347D1}.Release|Any CPU.ActiveCfg = Release|Any CPU
		{31B4B561-4567-4B29-9A03-0A18ED1347D1}.Release|Any CPU.Build.0 = Release|Any CPU
		{31B4B561-4567-4B29-9A03-0A18ED1347D1}.Release|x64.ActiveCfg = Release|x64
		{31B4B561-4567-4B29-9A03-0A18ED1347D1}.Release|x64.Build.0 = Release|x64
		{31B4B561-4567-4B29-9A03-0A18ED1347D1}.Release|x86.ActiveCfg = Release|x86
		{31B4B561-4567-4B29-9A03-0A18ED1347D1}.Release|x86.Build.0 = Release|x86
		{E6D437EF-C07C-480E-8AA7-BC406FEDB1EC}.Debug|Any CPU.ActiveCfg = Debug|Any CPU
		{E6D437EF-C07C-480E-8AA7-BC406FEDB1EC}.Debug|Any CPU.Build.0 = Debug|Any CPU
		{E6D437EF-C07C-480E-8AA7-BC406FEDB1EC}.Debug|x64.ActiveCfg = Debug|x64
		{E6D437EF-C07C-480E-8AA7-BC406FEDB1EC}.Debug|x64.Build.0 = Debug|x64
		{E6D437EF-C07C-480E-8AA7-BC406FEDB1EC}.Debug|x86.ActiveCfg = Debug|x86
		{E6D437EF-C07C-480E-8AA7-BC406FEDB1EC}.Debug|x86.Build.0 = Debug|x86
		{E6D437EF-C07C-480E-8AA7-BC406FEDB1EC}.Release|Any CPU.ActiveCfg = Release|Any CPU
		{E6D437EF-C07C-480E-8AA7-BC406FEDB1EC}.Release|Any CPU.Build.0 = Release|Any CPU
		{E6D437EF-C07C-480E-8AA7-BC406FEDB1EC}.Release|x64.ActiveCfg = Release|x64
		{E6D437EF-C07C-480E-8AA7-BC406FEDB1EC}.Release|x64.Build.0 = Release|x64
		{E6D437EF-C07C-480E-8AA7-BC406FEDB1EC}.Release|x86.ActiveCfg = Release|x86
		{E6D437EF-C07C-480E-8AA7-BC406FEDB1EC}.Release|x86.Build.0 = Release|x86
		{195E024B-EC7E-45F1-8807-E6FB4A00AFB4}.Debug|Any CPU.ActiveCfg = Debug|Any CPU
		{195E024B-EC7E-45F1-8807-E6FB4A00AFB4}.Debug|Any CPU.Build.0 = Debug|Any CPU
		{195E024B-EC7E-45F1-8807-E6FB4A00AFB4}.Debug|x64.ActiveCfg = Debug|x64
		{195E024B-EC7E-45F1-8807-E6FB4A00AFB4}.Debug|x64.Build.0 = Debug|x64
		{195E024B-EC7E-45F1-8807-E6FB4A00AFB4}.Debug|x86.ActiveCfg = Debug|x86
		{195E024B-EC7E-45F1-8807-E6FB4A00AFB4}.Debug|x86.Build.0 = Debug|x86
		{195E024B-EC7E-45F1-8807-E6FB4A00AFB4}.Release|Any CPU.ActiveCfg = Release|Any CPU
		{195E024B-EC7E-45F1-8807-E6FB4A00AFB4}.Release|Any CPU.Build.0 = Release|Any CPU
		{195E024B-EC7E-45F1-8807-E6FB4A00AFB4}.Release|x64.ActiveCfg = Release|x64
		{195E024B-EC7E-45F1-8807-E6FB4A00AFB4}.Release|x64.Build.0 = Release|x64
		{195E024B-EC7E-45F1-8807-E6FB4A00AFB4}.Release|x86.ActiveCfg = Release|x86
		{195E024B-EC7E-45F1-8807-E6FB4A00AFB4}.Release|x86.Build.0 = Release|x86
		{524C7FBC-0A7C-4568-A4D8-E0F2BD175DEF}.Debug|Any CPU.ActiveCfg = Debug|Any CPU
		{524C7FBC-0A7C-4568-A4D8-E0F2BD175DEF}.Debug|Any CPU.Build.0 = Debug|Any CPU
		{524C7FBC-0A7C-4568-A4D8-E0F2BD175DEF}.Debug|x64.ActiveCfg = Debug|x64
		{524C7FBC-0A7C-4568-A4D8-E0F2BD175DEF}.Debug|x64.Build.0 = Debug|x64
		{524C7FBC-0A7C-4568-A4D8-E0F2BD175DEF}.Debug|x86.ActiveCfg = Debug|x86
		{524C7FBC-0A7C-4568-A4D8-E0F2BD175DEF}.Debug|x86.Build.0 = Debug|x86
		{524C7FBC-0A7C-4568-A4D8-E0F2BD175DEF}.Release|Any CPU.ActiveCfg = Release|Any CPU
		{524C7FBC-0A7C-4568-A4D8-E0F2BD175DEF}.Release|Any CPU.Build.0 = Release|Any CPU
		{524C7FBC-0A7C-4568-A4D8-E0F2BD175DEF}.Release|x64.ActiveCfg = Release|x64
		{524C7FBC-0A7C-4568-A4D8-E0F2BD175DEF}.Release|x64.Build.0 = Release|x64
		{524C7FBC-0A7C-4568-A4D8-E0F2BD175DEF}.Release|x86.ActiveCfg = Release|x86
		{524C7FBC-0A7C-4568-A4D8-E0F2BD175DEF}.Release|x86.Build.0 = Release|x86
		{5587123B-B090-49F3-AAD3-9941743E5EE2}.Debug|Any CPU.ActiveCfg = Debug|Any CPU
		{5587123B-B090-49F3-AAD3-9941743E5EE2}.Debug|Any CPU.Build.0 = Debug|Any CPU
		{5587123B-B090-49F3-AAD3-9941743E5EE2}.Debug|x64.ActiveCfg = Debug|x64
		{5587123B-B090-49F3-AAD3-9941743E5EE2}.Debug|x64.Build.0 = Debug|x64
		{5587123B-B090-49F3-AAD3-9941743E5EE2}.Debug|x86.ActiveCfg = Debug|x86
		{5587123B-B090-49F3-AAD3-9941743E5EE2}.Debug|x86.Build.0 = Debug|x86
		{5587123B-B090-49F3-AAD3-9941743E5EE2}.Release|Any CPU.ActiveCfg = Release|Any CPU
		{5587123B-B090-49F3-AAD3-9941743E5EE2}.Release|Any CPU.Build.0 = Release|Any CPU
		{5587123B-B090-49F3-AAD3-9941743E5EE2}.Release|x64.ActiveCfg = Release|x64
		{5587123B-B090-49F3-AAD3-9941743E5EE2}.Release|x64.Build.0 = Release|x64
		{5587123B-B090-49F3-AAD3-9941743E5EE2}.Release|x86.ActiveCfg = Release|x86
		{5587123B-B090-49F3-AAD3-9941743E5EE2}.Release|x86.Build.0 = Release|x86
		{554C25C1-EC2C-4A00-8208-DD6FE2D620D7}.Debug|Any CPU.ActiveCfg = Debug|Any CPU
		{554C25C1-EC2C-4A00-8208-DD6FE2D620D7}.Debug|Any CPU.Build.0 = Debug|Any CPU
		{554C25C1-EC2C-4A00-8208-DD6FE2D620D7}.Debug|x64.ActiveCfg = Debug|x64
		{554C25C1-EC2C-4A00-8208-DD6FE2D620D7}.Debug|x64.Build.0 = Debug|x64
		{554C25C1-EC2C-4A00-8208-DD6FE2D620D7}.Debug|x86.ActiveCfg = Debug|x86
		{554C25C1-EC2C-4A00-8208-DD6FE2D620D7}.Debug|x86.Build.0 = Debug|x86
		{554C25C1-EC2C-4A00-8208-DD6FE2D620D7}.Release|Any CPU.ActiveCfg = Release|Any CPU
		{554C25C1-EC2C-4A00-8208-DD6FE2D620D7}.Release|Any CPU.Build.0 = Release|Any CPU
		{554C25C1-EC2C-4A00-8208-DD6FE2D620D7}.Release|x64.ActiveCfg = Release|x64
		{554C25C1-EC2C-4A00-8208-DD6FE2D620D7}.Release|x64.Build.0 = Release|x64
		{554C25C1-EC2C-4A00-8208-DD6FE2D620D7}.Release|x86.ActiveCfg = Release|x86
		{554C25C1-EC2C-4A00-8208-DD6FE2D620D7}.Release|x86.Build.0 = Release|x86
		{740955B0-2F30-4875-8C8A-394B5E07C39E}.Debug|Any CPU.ActiveCfg = Debug|Any CPU
		{740955B0-2F30-4875-8C8A-394B5E07C39E}.Debug|Any CPU.Build.0 = Debug|Any CPU
		{740955B0-2F30-4875-8C8A-394B5E07C39E}.Debug|x64.ActiveCfg = Debug|x64
		{740955B0-2F30-4875-8C8A-394B5E07C39E}.Debug|x64.Build.0 = Debug|x64
		{740955B0-2F30-4875-8C8A-394B5E07C39E}.Debug|x86.ActiveCfg = Debug|x86
		{740955B0-2F30-4875-8C8A-394B5E07C39E}.Debug|x86.Build.0 = Debug|x86
		{740955B0-2F30-4875-8C8A-394B5E07C39E}.Release|Any CPU.ActiveCfg = Release|Any CPU
		{740955B0-2F30-4875-8C8A-394B5E07C39E}.Release|Any CPU.Build.0 = Release|Any CPU
		{740955B0-2F30-4875-8C8A-394B5E07C39E}.Release|x64.ActiveCfg = Release|x64
		{740955B0-2F30-4875-8C8A-394B5E07C39E}.Release|x64.Build.0 = Release|x64
		{740955B0-2F30-4875-8C8A-394B5E07C39E}.Release|x86.ActiveCfg = Release|x86
		{740955B0-2F30-4875-8C8A-394B5E07C39E}.Release|x86.Build.0 = Release|x86
		{4CF47F79-65C2-475F-86CF-39AF71E975A8}.Debug|Any CPU.ActiveCfg = Debug|Any CPU
		{4CF47F79-65C2-475F-86CF-39AF71E975A8}.Debug|Any CPU.Build.0 = Debug|Any CPU
		{4CF47F79-65C2-475F-86CF-39AF71E975A8}.Debug|x64.ActiveCfg = Debug|x64
		{4CF47F79-65C2-475F-86CF-39AF71E975A8}.Debug|x64.Build.0 = Debug|x64
		{4CF47F79-65C2-475F-86CF-39AF71E975A8}.Debug|x86.ActiveCfg = Debug|x86
		{4CF47F79-65C2-475F-86CF-39AF71E975A8}.Debug|x86.Build.0 = Debug|x86
		{4CF47F79-65C2-475F-86CF-39AF71E975A8}.Release|Any CPU.ActiveCfg = Release|Any CPU
		{4CF47F79-65C2-475F-86CF-39AF71E975A8}.Release|Any CPU.Build.0 = Release|Any CPU
		{4CF47F79-65C2-475F-86CF-39AF71E975A8}.Release|x64.ActiveCfg = Release|x64
		{4CF47F79-65C2-475F-86CF-39AF71E975A8}.Release|x64.Build.0 = Release|x64
		{4CF47F79-65C2-475F-86CF-39AF71E975A8}.Release|x86.ActiveCfg = Release|x86
		{4CF47F79-65C2-475F-86CF-39AF71E975A8}.Release|x86.Build.0 = Release|x86
		{25649F08-3046-4891-ADB8-7EA787B57063}.Debug|Any CPU.ActiveCfg = Debug|Any CPU
		{25649F08-3046-4891-ADB8-7EA787B57063}.Debug|Any CPU.Build.0 = Debug|Any CPU
		{25649F08-3046-4891-ADB8-7EA787B57063}.Debug|x64.ActiveCfg = Debug|x64
		{25649F08-3046-4891-ADB8-7EA787B57063}.Debug|x64.Build.0 = Debug|x64
		{25649F08-3046-4891-ADB8-7EA787B57063}.Debug|x86.ActiveCfg = Debug|x86
		{25649F08-3046-4891-ADB8-7EA787B57063}.Debug|x86.Build.0 = Debug|x86
		{25649F08-3046-4891-ADB8-7EA787B57063}.Release|Any CPU.ActiveCfg = Release|Any CPU
		{25649F08-3046-4891-ADB8-7EA787B57063}.Release|Any CPU.Build.0 = Release|Any CPU
		{25649F08-3046-4891-ADB8-7EA787B57063}.Release|x64.ActiveCfg = Release|x64
		{25649F08-3046-4891-ADB8-7EA787B57063}.Release|x64.Build.0 = Release|x64
		{25649F08-3046-4891-ADB8-7EA787B57063}.Release|x86.ActiveCfg = Release|x86
		{25649F08-3046-4891-ADB8-7EA787B57063}.Release|x86.Build.0 = Release|x86
		{5AD46440-FC5C-455C-8326-B243C91AD4EB}.Debug|Any CPU.ActiveCfg = Debug|Any CPU
		{5AD46440-FC5C-455C-8326-B243C91AD4EB}.Debug|Any CPU.Build.0 = Debug|Any CPU
		{5AD46440-FC5C-455C-8326-B243C91AD4EB}.Debug|x64.ActiveCfg = Debug|x64
		{5AD46440-FC5C-455C-8326-B243C91AD4EB}.Debug|x64.Build.0 = Debug|x64
		{5AD46440-FC5C-455C-8326-B243C91AD4EB}.Debug|x86.ActiveCfg = Debug|x86
		{5AD46440-FC5C-455C-8326-B243C91AD4EB}.Debug|x86.Build.0 = Debug|x86
		{5AD46440-FC5C-455C-8326-B243C91AD4EB}.Release|Any CPU.ActiveCfg = Release|Any CPU
		{5AD46440-FC5C-455C-8326-B243C91AD4EB}.Release|Any CPU.Build.0 = Release|Any CPU
		{5AD46440-FC5C-455C-8326-B243C91AD4EB}.Release|x64.ActiveCfg = Release|x64
		{5AD46440-FC5C-455C-8326-B243C91AD4EB}.Release|x64.Build.0 = Release|x64
		{5AD46440-FC5C-455C-8326-B243C91AD4EB}.Release|x86.ActiveCfg = Release|x86
		{5AD46440-FC5C-455C-8326-B243C91AD4EB}.Release|x86.Build.0 = Release|x86
	EndGlobalSection
	GlobalSection(SolutionProperties) = preSolution
		HideSolutionNode = FALSE
	EndGlobalSection
	GlobalSection(ExtensibilityGlobals) = postSolution
		SolutionGuid = {FF2FC057-118A-425C-903B-7610F6421344}
	EndGlobalSection
EndGlobal
